
Microsoft Visual Studio Solution File, Format Version 12.00
# Visual Studio Version 17
VisualStudioVersion = 17.7.34024.191
MinimumVisualStudioVersion = 10.0.40219.1
Project("{FAE04EC0-301F-11D3-BF4B-00C04F79EFBC}") = "DO2", "DO2\DO2.csproj", "{3C3C5D3C-07EC-4578-BF34-D73DBAED2C92}"
EndProject
Global
	GlobalSection(SolutionConfigurationPlatforms) = preSolution
		Debug|Any CPU = Debug|Any CPU
		Release|Any CPU = Release|Any CPU
	EndGlobalSection
	GlobalSection(ProjectConfigurationPlatforms) = postSolution
		{3C3C5D3C-07EC-4578-BF34-D73DBAED2C92}.Debug|Any CPU.ActiveCfg = Debug|Any CPU
		{3C3C5D3C-07EC-4578-BF34-D73DBAED2C92}.Debug|Any CPU.Build.0 = Debug|Any CPU
		{3C3C5D3C-07EC-4578-BF34-D73DBAED2C92}.Release|Any CPU.ActiveCfg = Release|Any CPU
		{3C3C5D3C-07EC-4578-BF34-D73DBAED2C92}.Release|Any CPU.Build.0 = Release|Any CPU
	EndGlobalSection
	GlobalSection(SolutionProperties) = preSolution
		HideSolutionNode = FALSE
	EndGlobalSection
	GlobalSection(ExtensibilityGlobals) = postSolution
		SolutionGuid = {6BCFFC49-9520-434D-8462-098E9AE39DB1}
	EndGlobalSection
EndGlobal
